# This file is automatically @generated by Cargo.
# It is not intended for manual editing.
version = 3

[[package]]
name = "atri_ffi"
version = "0.2.0"
source = "registry+https://github.com/rust-lang/crates.io-index"
checksum = "cad0493c0732f4765151d9ecc40c026b05e8d2876469ab6e3d9ade13028c35af"

[[package]]
name = "atri_kotlin"
version = "0.1.0"
dependencies = [
 "atri_ffi",
]
